// !$*UTF8*$!
{
	archiveVersion = 1;
	classes = {
	};
	objectVersion = 60;
	objects = {

/* Begin PBXBuildFile section */
		B416910727B53B020029AB97 /* AnnotationApp.swift in Sources */ = {isa = PBXBuildFile; fileRef = B416910627B53B020029AB97 /* AnnotationApp.swift */; };
		B416910927B53B020029AB97 /* AnnotationDocument.swift in Sources */ = {isa = PBXBuildFile; fileRef = B416910827B53B020029AB97 /* AnnotationDocument.swift */; };
		B416910B27B53B020029AB97 /* ContentView.swift in Sources */ = {isa = PBXBuildFile; fileRef = B416910A27B53B020029AB97 /* ContentView.swift */; };
		B416910D27B53B020029AB97 /* Assets.xcassets in Resources */ = {isa = PBXBuildFile; fileRef = B416910C27B53B020029AB97 /* Assets.xcassets */; };
		B416911027B53B020029AB97 /* Preview Assets.xcassets in Resources */ = {isa = PBXBuildFile; fileRef = B416910F27B53B020029AB97 /* Preview Assets.xcassets */; };
		B416911A27B53B2B0029AB97 /* LICENSE in Resources */ = {isa = PBXBuildFile; fileRef = B416911827B53B2B0029AB97 /* LICENSE */; };
		B416911B27B53B2B0029AB97 /* README.md in Resources */ = {isa = PBXBuildFile; fileRef = B416911927B53B2B0029AB97 /* README.md */; };
		B416914B27B53B6C0029AB97 /* Annotations.swift in Sources */ = {isa = PBXBuildFile; fileRef = B416914A27B53B6C0029AB97 /* Annotations.swift */; };
		B416914D27B53B740029AB97 /* AnnotationView.swift in Sources */ = {isa = PBXBuildFile; fileRef = B416914C27B53B740029AB97 /* AnnotationView.swift */; };
		B416914F27B53FB20029AB97 /* icon.icns in Resources */ = {isa = PBXBuildFile; fileRef = B416914E27B53FB20029AB97 /* icon.icns */; };
		B41B36B0298A921D0075DADD /* RenameLabelView.swift in Sources */ = {isa = PBXBuildFile; fileRef = B41B36AF298A921D0075DADD /* RenameLabelView.swift */; };
		B44136C52C2187AA00E9331D /* Stratum in Frameworks */ = {isa = PBXBuildFile; productRef = B44136C42C2187AA00E9331D /* Stratum */; };
		B44136C82C21884200E9331D /* ViewCollection in Frameworks */ = {isa = PBXBuildFile; productRef = B44136C72C21884200E9331D /* ViewCollection */; };
		B45B52F0282A8C4E007C8CCC /* SideBar.swift in Sources */ = {isa = PBXBuildFile; fileRef = B45B52EF282A8C4E007C8CCC /* SideBar.swift */; };
		B45B52F2282A8C7B007C8CCC /* DetailView.swift in Sources */ = {isa = PBXBuildFile; fileRef = B45B52F1282A8C7B007C8CCC /* DetailView.swift */; };
		B45B52F4282A8C93007C8CCC /* InfoView.swift in Sources */ = {isa = PBXBuildFile; fileRef = B45B52F3282A8C93007C8CCC /* InfoView.swift */; };
		B45B52F6282A8CA8007C8CCC /* LabelList.swift in Sources */ = {isa = PBXBuildFile; fileRef = B45B52F5282A8CA8007C8CCC /* LabelList.swift */; };
		B45B52F8282A8CE9007C8CCC /* AutoAnnotateView.swift in Sources */ = {isa = PBXBuildFile; fileRef = B45B52F7282A8CE9007C8CCC /* AutoAnnotateView.swift */; };
		B46539812AAEE2E30042562E /* Recognizer.swift in Sources */ = {isa = PBXBuildFile; fileRef = B46539802AAEE2E30042562E /* Recognizer.swift */; };
		B466771E2AADDE7A00648F04 /* ChangeLabelNameView.swift in Sources */ = {isa = PBXBuildFile; fileRef = B466771D2AADDE7A00648F04 /* ChangeLabelNameView.swift */; };
		B47D623C298D532200F6025B /* AutoDetectView.swift in Sources */ = {isa = PBXBuildFile; fileRef = B47D623B298D532200F6025B /* AutoDetectView.swift */; };
		B492E58C2AB00F4400A949B1 /* NewLabelView.swift in Sources */ = {isa = PBXBuildFile; fileRef = B492E58B2AB00F4400A949B1 /* NewLabelView.swift */; };
		B492E58E2AB0398100A949B1 /* SelectLabelMenu.swift in Sources */ = {isa = PBXBuildFile; fileRef = B492E58D2AB0398100A949B1 /* SelectLabelMenu.swift */; };
		B4C0BF4027B60ED600CCD4B0 /* Folder Icon.icns in Resources */ = {isa = PBXBuildFile; fileRef = B4C0BF3F27B60ED600CCD4B0 /* Folder Icon.icns */; };
		B4E36C012C218B9A00FA581E /* MediaKit in Frameworks */ = {isa = PBXBuildFile; productRef = B4E36C002C218B9A00FA581E /* MediaKit */; };
		B4E36C092C21A25500FA581E /* LabelListItems.swift in Sources */ = {isa = PBXBuildFile; fileRef = B4E36C082C21A25200FA581E /* LabelListItems.swift */; };
		B4E36C0B2C21A26400FA581E /* LabelListItem.swift in Sources */ = {isa = PBXBuildFile; fileRef = B4E36C0A2C21A26200FA581E /* LabelListItem.swift */; };
		B4E36C0D2C21A67C00FA581E /* LabelListRow.swift in Sources */ = {isa = PBXBuildFile; fileRef = B4E36C0C2C21A67A00FA581E /* LabelListRow.swift */; };
		B4E36C102C21AC0A00FA581E /* ImportExportCommand.swift in Sources */ = {isa = PBXBuildFile; fileRef = B4E36C0F2C21AC0700FA581E /* ImportExportCommand.swift */; };
		B4E36C122C21AD8100FA581E /* AppView.swift in Sources */ = {isa = PBXBuildFile; fileRef = B4E36C112C21AD7F00FA581E /* AppView.swift */; };
		B4E36C142C21AE5D00FA581E /* AnnotateCommand.swift in Sources */ = {isa = PBXBuildFile; fileRef = B4E36C132C21AE5900FA581E /* AnnotateCommand.swift */; };
		B4E36C172C21B3B900FA581E /* InfoViewItem.swift in Sources */ = {isa = PBXBuildFile; fileRef = B4E36C162C21B3B900FA581E /* InfoViewItem.swift */; };
		B4E36C192C21B3DA00FA581E /* InfoViewImage.swift in Sources */ = {isa = PBXBuildFile; fileRef = B4E36C182C21B3D400FA581E /* InfoViewImage.swift */; };
/* End PBXBuildFile section */

/* Begin PBXFileReference section */
		B416910327B53B020029AB97 /* Annotation.app */ = {isa = PBXFileReference; explicitFileType = wrapper.application; includeInIndex = 0; path = Annotation.app; sourceTree = BUILT_PRODUCTS_DIR; };
		B416910627B53B020029AB97 /* AnnotationApp.swift */ = {isa = PBXFileReference; lastKnownFileType = sourcecode.swift; path = AnnotationApp.swift; sourceTree = "<group>"; };
		B416910827B53B020029AB97 /* AnnotationDocument.swift */ = {isa = PBXFileReference; lastKnownFileType = sourcecode.swift; path = AnnotationDocument.swift; sourceTree = "<group>"; };
		B416910A27B53B020029AB97 /* ContentView.swift */ = {isa = PBXFileReference; lastKnownFileType = sourcecode.swift; path = ContentView.swift; sourceTree = "<group>"; };
		B416910C27B53B020029AB97 /* Assets.xcassets */ = {isa = PBXFileReference; lastKnownFileType = folder.assetcatalog; path = Assets.xcassets; sourceTree = "<group>"; };
		B416910F27B53B020029AB97 /* Preview Assets.xcassets */ = {isa = PBXFileReference; lastKnownFileType = folder.assetcatalog; path = "Preview Assets.xcassets"; sourceTree = "<group>"; };
		B416911127B53B020029AB97 /* Info.plist */ = {isa = PBXFileReference; lastKnownFileType = text.plist.xml; path = Info.plist; sourceTree = "<group>"; };
		B416911227B53B020029AB97 /* Annotation.entitlements */ = {isa = PBXFileReference; lastKnownFileType = text.plist.entitlements; path = Annotation.entitlements; sourceTree = "<group>"; };
		B416911827B53B2B0029AB97 /* LICENSE */ = {isa = PBXFileReference; fileEncoding = 4; lastKnownFileType = text; path = LICENSE; sourceTree = "<group>"; };
		B416911927B53B2B0029AB97 /* README.md */ = {isa = PBXFileReference; fileEncoding = 4; lastKnownFileType = net.daringfireball.markdown; path = README.md; sourceTree = "<group>"; };
		B416914A27B53B6C0029AB97 /* Annotations.swift */ = {isa = PBXFileReference; fileEncoding = 4; lastKnownFileType = sourcecode.swift; path = Annotations.swift; sourceTree = "<group>"; };
		B416914C27B53B740029AB97 /* AnnotationView.swift */ = {isa = PBXFileReference; fileEncoding = 4; lastKnownFileType = sourcecode.swift; path = AnnotationView.swift; sourceTree = "<group>"; };
		B416914E27B53FB20029AB97 /* icon.icns */ = {isa = PBXFileReference; lastKnownFileType = image.icns; path = icon.icns; sourceTree = "<group>"; };
		B41B36AF298A921D0075DADD /* RenameLabelView.swift */ = {isa = PBXFileReference; lastKnownFileType = sourcecode.swift; path = RenameLabelView.swift; sourceTree = "<group>"; };
		B45B52EF282A8C4E007C8CCC /* SideBar.swift */ = {isa = PBXFileReference; lastKnownFileType = sourcecode.swift; path = SideBar.swift; sourceTree = "<group>"; };
		B45B52F1282A8C7B007C8CCC /* DetailView.swift */ = {isa = PBXFileReference; lastKnownFileType = sourcecode.swift; path = DetailView.swift; sourceTree = "<group>"; };
		B45B52F3282A8C93007C8CCC /* InfoView.swift */ = {isa = PBXFileReference; lastKnownFileType = sourcecode.swift; path = InfoView.swift; sourceTree = "<group>"; };
		B45B52F5282A8CA8007C8CCC /* LabelList.swift */ = {isa = PBXFileReference; lastKnownFileType = sourcecode.swift; path = LabelList.swift; sourceTree = "<group>"; };
		B45B52F7282A8CE9007C8CCC /* AutoAnnotateView.swift */ = {isa = PBXFileReference; lastKnownFileType = sourcecode.swift; path = AutoAnnotateView.swift; sourceTree = "<group>"; };
		B46539802AAEE2E30042562E /* Recognizer.swift */ = {isa = PBXFileReference; lastKnownFileType = sourcecode.swift; path = Recognizer.swift; sourceTree = "<group>"; };
		B466771D2AADDE7A00648F04 /* ChangeLabelNameView.swift */ = {isa = PBXFileReference; lastKnownFileType = sourcecode.swift; path = ChangeLabelNameView.swift; sourceTree = "<group>"; };
		B47D623B298D532200F6025B /* AutoDetectView.swift */ = {isa = PBXFileReference; lastKnownFileType = sourcecode.swift; path = AutoDetectView.swift; sourceTree = "<group>"; };
		B492E58B2AB00F4400A949B1 /* NewLabelView.swift */ = {isa = PBXFileReference; lastKnownFileType = sourcecode.swift; path = NewLabelView.swift; sourceTree = "<group>"; };
		B492E58D2AB0398100A949B1 /* SelectLabelMenu.swift */ = {isa = PBXFileReference; lastKnownFileType = sourcecode.swift; path = SelectLabelMenu.swift; sourceTree = "<group>"; };
		B4C0BF3F27B60ED600CCD4B0 /* Folder Icon.icns */ = {isa = PBXFileReference; lastKnownFileType = image.icns; path = "Folder Icon.icns"; sourceTree = "<group>"; };
		B4C716F92824D3CC00D19A9D /* DataBase */ = {isa = PBXFileReference; lastKnownFileType = wrapper; name = DataBase; path = ../../Packages/DataBase; sourceTree = "<group>"; };
		B4E36C082C21A25200FA581E /* LabelListItems.swift */ = {isa = PBXFileReference; lastKnownFileType = sourcecode.swift; path = LabelListItems.swift; sourceTree = "<group>"; };
		B4E36C0A2C21A26200FA581E /* LabelListItem.swift */ = {isa = PBXFileReference; lastKnownFileType = sourcecode.swift; path = LabelListItem.swift; sourceTree = "<group>"; };
		B4E36C0C2C21A67A00FA581E /* LabelListRow.swift */ = {isa = PBXFileReference; lastKnownFileType = sourcecode.swift; path = LabelListRow.swift; sourceTree = "<group>"; };
		B4E36C0F2C21AC0700FA581E /* ImportExportCommand.swift */ = {isa = PBXFileReference; lastKnownFileType = sourcecode.swift; path = ImportExportCommand.swift; sourceTree = "<group>"; };
		B4E36C112C21AD7F00FA581E /* AppView.swift */ = {isa = PBXFileReference; lastKnownFileType = sourcecode.swift; path = AppView.swift; sourceTree = "<group>"; };
		B4E36C132C21AE5900FA581E /* AnnotateCommand.swift */ = {isa = PBXFileReference; lastKnownFileType = sourcecode.swift; path = AnnotateCommand.swift; sourceTree = "<group>"; };
		B4E36C162C21B3B900FA581E /* InfoViewItem.swift */ = {isa = PBXFileReference; lastKnownFileType = sourcecode.swift; path = InfoViewItem.swift; sourceTree = "<group>"; };
		B4E36C182C21B3D400FA581E /* InfoViewImage.swift */ = {isa = PBXFileReference; lastKnownFileType = sourcecode.swift; path = InfoViewImage.swift; sourceTree = "<group>"; };
/* End PBXFileReference section */

/* Begin PBXFrameworksBuildPhase section */
		B416910027B53B020029AB97 /* Frameworks */ = {
			isa = PBXFrameworksBuildPhase;
			buildActionMask = 2147483647;
			files = (
				B44136C52C2187AA00E9331D /* Stratum in Frameworks */,
				B4E36C012C218B9A00FA581E /* MediaKit in Frameworks */,
				B44136C82C21884200E9331D /* ViewCollection in Frameworks */,
			);
			runOnlyForDeploymentPostprocessing = 0;
		};
/* End PBXFrameworksBuildPhase section */

/* Begin PBXGroup section */
		B41690FA27B53B020029AB97 = {
			isa = PBXGroup;
			children = (
				B416910527B53B020029AB97 /* Annotation */,
				B416911C27B53B300029AB97 /* Assets */,
				B416910427B53B020029AB97 /* Products */,
				B4C716F82824D3CC00D19A9D /* Frameworks */,
			);
			sourceTree = "<group>";
		};
		B416910427B53B020029AB97 /* Products */ = {
			isa = PBXGroup;
			children = (
				B416910327B53B020029AB97 /* Annotation.app */,
			);
			name = Products;
			sourceTree = "<group>";
		};
		B416910527B53B020029AB97 /* Annotation */ = {
			isa = PBXGroup;
			children = (
				B416910627B53B020029AB97 /* AnnotationApp.swift */,
				B4E36C0E2C21AC0300FA581E /* Commands */,
				B45B52EE282A8C2E007C8CCC /* Structures */,
				B45B52ED282A8C04007C8CCC /* Views */,
				B416911D27B53B450029AB97 /* Assets */,
			);
			path = Annotation;
			sourceTree = "<group>";
		};
		B416910E27B53B020029AB97 /* Preview Content */ = {
			isa = PBXGroup;
			children = (
				B416910F27B53B020029AB97 /* Preview Assets.xcassets */,
			);
			path = "Preview Content";
			sourceTree = "<group>";
		};
		B416911C27B53B300029AB97 /* Assets */ = {
			isa = PBXGroup;
			children = (
				B416911927B53B2B0029AB97 /* README.md */,
				B416911827B53B2B0029AB97 /* LICENSE */,
			);
			name = Assets;
			sourceTree = "<group>";
		};
		B416911D27B53B450029AB97 /* Assets */ = {
			isa = PBXGroup;
			children = (
				B4C0BF3F27B60ED600CCD4B0 /* Folder Icon.icns */,
				B416914E27B53FB20029AB97 /* icon.icns */,
				B416910C27B53B020029AB97 /* Assets.xcassets */,
				B416911127B53B020029AB97 /* Info.plist */,
				B416911227B53B020029AB97 /* Annotation.entitlements */,
				B416910E27B53B020029AB97 /* Preview Content */,
			);
			name = Assets;
			sourceTree = "<group>";
		};
		B45B52ED282A8C04007C8CCC /* Views */ = {
			isa = PBXGroup;
			children = (
				B4E36C112C21AD7F00FA581E /* AppView.swift */,
				B416910A27B53B020029AB97 /* ContentView.swift */,
				B4E36C072C21A24100FA581E /* LabelList */,
				B492E58A2AB00EFA00A949B1 /* ChangeLabelView */,
				B45B52EF282A8C4E007C8CCC /* SideBar.swift */,
				B465397E2AAEE2920042562E /* AnnotateView */,
				B47D623A298D531200F6025B /* Automation */,
			);
			path = Views;
			sourceTree = "<group>";
		};
		B45B52EE282A8C2E007C8CCC /* Structures */ = {
			isa = PBXGroup;
			children = (
				B416910827B53B020029AB97 /* AnnotationDocument.swift */,
				B416914A27B53B6C0029AB97 /* Annotations.swift */,
			);
			path = Structures;
			sourceTree = "<group>";
		};
		B465397E2AAEE2920042562E /* AnnotateView */ = {
			isa = PBXGroup;
			children = (
				B465397F2AAEE2D00042562E /* NSView */,
				B45B52F1282A8C7B007C8CCC /* DetailView.swift */,
				B492E58D2AB0398100A949B1 /* SelectLabelMenu.swift */,
				B4E36C152C21B3AF00FA581E /* InfoView */,
			);
			path = AnnotateView;
			sourceTree = "<group>";
		};
		B465397F2AAEE2D00042562E /* NSView */ = {
			isa = PBXGroup;
			children = (
				B416914C27B53B740029AB97 /* AnnotationView.swift */,
				B46539802AAEE2E30042562E /* Recognizer.swift */,
			);
			path = NSView;
			sourceTree = "<group>";
		};
		B47D623A298D531200F6025B /* Automation */ = {
			isa = PBXGroup;
			children = (
				B45B52F7282A8CE9007C8CCC /* AutoAnnotateView.swift */,
				B47D623B298D532200F6025B /* AutoDetectView.swift */,
			);
			path = Automation;
			sourceTree = "<group>";
		};
		B492E58A2AB00EFA00A949B1 /* ChangeLabelView */ = {
			isa = PBXGroup;
			children = (
				B41B36AF298A921D0075DADD /* RenameLabelView.swift */,
				B492E58B2AB00F4400A949B1 /* NewLabelView.swift */,
				B466771D2AADDE7A00648F04 /* ChangeLabelNameView.swift */,
			);
			path = ChangeLabelView;
			sourceTree = "<group>";
		};
		B4C716F82824D3CC00D19A9D /* Frameworks */ = {
			isa = PBXGroup;
			children = (
				B4C716F92824D3CC00D19A9D /* DataBase */,
			);
			name = Frameworks;
			sourceTree = "<group>";
		};
		B4E36C072C21A24100FA581E /* LabelList */ = {
			isa = PBXGroup;
			children = (
				B45B52F5282A8CA8007C8CCC /* LabelList.swift */,
				B4E36C0C2C21A67A00FA581E /* LabelListRow.swift */,
				B4E36C082C21A25200FA581E /* LabelListItems.swift */,
				B4E36C0A2C21A26200FA581E /* LabelListItem.swift */,
			);
			path = LabelList;
			sourceTree = "<group>";
		};
		B4E36C0E2C21AC0300FA581E /* Commands */ = {
			isa = PBXGroup;
			children = (
				B4E36C0F2C21AC0700FA581E /* ImportExportCommand.swift */,
				B4E36C132C21AE5900FA581E /* AnnotateCommand.swift */,
			);
			path = Commands;
			sourceTree = "<group>";
		};
		B4E36C152C21B3AF00FA581E /* InfoView */ = {
			isa = PBXGroup;
			children = (
				B45B52F3282A8C93007C8CCC /* InfoView.swift */,
				B4E36C162C21B3B900FA581E /* InfoViewItem.swift */,
				B4E36C182C21B3D400FA581E /* InfoViewImage.swift */,
			);
			path = InfoView;
			sourceTree = "<group>";
		};
/* End PBXGroup section */

/* Begin PBXNativeTarget section */
		B416910227B53B020029AB97 /* Annotation */ = {
			isa = PBXNativeTarget;
			buildConfigurationList = B416911527B53B020029AB97 /* Build configuration list for PBXNativeTarget "Annotation" */;
			buildPhases = (
				B41690FF27B53B020029AB97 /* Sources */,
				B416910027B53B020029AB97 /* Frameworks */,
				B416910127B53B020029AB97 /* Resources */,
			);
			buildRules = (
			);
			dependencies = (
			);
			name = Annotation;
			packageProductDependencies = (
				B44136C42C2187AA00E9331D /* Stratum */,
				B44136C72C21884200E9331D /* ViewCollection */,
				B4E36C002C218B9A00FA581E /* MediaKit */,
			);
			productName = Annotation;
			productReference = B416910327B53B020029AB97 /* Annotation.app */;
			productType = "com.apple.product-type.application";
		};
/* End PBXNativeTarget section */

/* Begin PBXProject section */
		B41690FB27B53B020029AB97 /* Project object */ = {
			isa = PBXProject;
			attributes = {
				BuildIndependentTargetsInParallel = 1;
				LastSwiftUpdateCheck = 1320;
				LastUpgradeCheck = 1600;
				TargetAttributes = {
					B416910227B53B020029AB97 = {
						CreatedOnToolsVersion = 13.2.1;
					};
				};
			};
			buildConfigurationList = B41690FE27B53B020029AB97 /* Build configuration list for PBXProject "Annotation" */;
			compatibilityVersion = "Xcode 13.0";
			developmentRegion = en;
			hasScannedForEncodings = 0;
			knownRegions = (
				en,
				Base,
			);
			mainGroup = B41690FA27B53B020029AB97;
			packageReferences = (
				B44136C32C2187AA00E9331D /* XCLocalSwiftPackageReference "../../Packages/Stratum" */,
				B44136C62C21884200E9331D /* XCLocalSwiftPackageReference "../../Packages/ViewCollection" */,
				B4E36BFF2C218B9A00FA581E /* XCLocalSwiftPackageReference "../../Packages/MediaKit" */,
			);
			productRefGroup = B416910427B53B020029AB97 /* Products */;
			projectDirPath = "";
			projectRoot = "";
			targets = (
				B416910227B53B020029AB97 /* Annotation */,
			);
		};
/* End PBXProject section */

/* Begin PBXResourcesBuildPhase section */
		B416910127B53B020029AB97 /* Resources */ = {
			isa = PBXResourcesBuildPhase;
			buildActionMask = 2147483647;
			files = (
				B416914F27B53FB20029AB97 /* icon.icns in Resources */,
				B416911A27B53B2B0029AB97 /* LICENSE in Resources */,
				B4C0BF4027B60ED600CCD4B0 /* Folder Icon.icns in Resources */,
				B416911027B53B020029AB97 /* Preview Assets.xcassets in Resources */,
				B416911B27B53B2B0029AB97 /* README.md in Resources */,
				B416910D27B53B020029AB97 /* Assets.xcassets in Resources */,
			);
			runOnlyForDeploymentPostprocessing = 0;
		};
/* End PBXResourcesBuildPhase section */

/* Begin PBXSourcesBuildPhase section */
		B41690FF27B53B020029AB97 /* Sources */ = {
			isa = PBXSourcesBuildPhase;
			buildActionMask = 2147483647;
			files = (
				B4E36C192C21B3DA00FA581E /* InfoViewImage.swift in Sources */,
				B45B52F4282A8C93007C8CCC /* InfoView.swift in Sources */,
				B416910727B53B020029AB97 /* AnnotationApp.swift in Sources */,
				B416914B27B53B6C0029AB97 /* Annotations.swift in Sources */,
				B4E36C142C21AE5D00FA581E /* AnnotateCommand.swift in Sources */,
				B416910927B53B020029AB97 /* AnnotationDocument.swift in Sources */,
				B47D623C298D532200F6025B /* AutoDetectView.swift in Sources */,
				B492E58E2AB0398100A949B1 /* SelectLabelMenu.swift in Sources */,
				B4E36C0D2C21A67C00FA581E /* LabelListRow.swift in Sources */,
				B45B52F2282A8C7B007C8CCC /* DetailView.swift in Sources */,
				B45B52F8282A8CE9007C8CCC /* AutoAnnotateView.swift in Sources */,
				B45B52F6282A8CA8007C8CCC /* LabelList.swift in Sources */,
				B466771E2AADDE7A00648F04 /* ChangeLabelNameView.swift in Sources */,
				B45B52F0282A8C4E007C8CCC /* SideBar.swift in Sources */,
				B4E36C172C21B3B900FA581E /* InfoViewItem.swift in Sources */,
				B41B36B0298A921D0075DADD /* RenameLabelView.swift in Sources */,
				B492E58C2AB00F4400A949B1 /* NewLabelView.swift in Sources */,
				B416910B27B53B020029AB97 /* ContentView.swift in Sources */,
				B4E36C102C21AC0A00FA581E /* ImportExportCommand.swift in Sources */,
				B4E36C092C21A25500FA581E /* LabelListItems.swift in Sources */,
				B4E36C122C21AD8100FA581E /* AppView.swift in Sources */,
				B416914D27B53B740029AB97 /* AnnotationView.swift in Sources */,
				B46539812AAEE2E30042562E /* Recognizer.swift in Sources */,
				B4E36C0B2C21A26400FA581E /* LabelListItem.swift in Sources */,
			);
			runOnlyForDeploymentPostprocessing = 0;
		};
/* End PBXSourcesBuildPhase section */

/* Begin XCBuildConfiguration section */
		B416911327B53B020029AB97 /* Debug */ = {
			isa = XCBuildConfiguration;
			buildSettings = {
				ALWAYS_SEARCH_USER_PATHS = NO;
				ASSETCATALOG_COMPILER_GENERATE_SWIFT_ASSET_SYMBOL_EXTENSIONS = YES;
				CLANG_ANALYZER_NONNULL = YES;
				CLANG_ANALYZER_NUMBER_OBJECT_CONVERSION = YES_AGGRESSIVE;
				CLANG_CXX_LANGUAGE_STANDARD = "gnu++17";
				CLANG_CXX_LIBRARY = "libc++";
				CLANG_ENABLE_MODULES = YES;
				CLANG_ENABLE_OBJC_ARC = YES;
				CLANG_ENABLE_OBJC_WEAK = YES;
				CLANG_WARN_BLOCK_CAPTURE_AUTORELEASING = YES;
				CLANG_WARN_BOOL_CONVERSION = YES;
				CLANG_WARN_COMMA = YES;
				CLANG_WARN_CONSTANT_CONVERSION = YES;
				CLANG_WARN_DEPRECATED_OBJC_IMPLEMENTATIONS = YES;
				CLANG_WARN_DIRECT_OBJC_ISA_USAGE = YES_ERROR;
				CLANG_WARN_DOCUMENTATION_COMMENTS = YES;
				CLANG_WARN_EMPTY_BODY = YES;
				CLANG_WARN_ENUM_CONVERSION = YES;
				CLANG_WARN_INFINITE_RECURSION = YES;
				CLANG_WARN_INT_CONVERSION = YES;
				CLANG_WARN_NON_LITERAL_NULL_CONVERSION = YES;
				CLANG_WARN_OBJC_IMPLICIT_RETAIN_SELF = YES;
				CLANG_WARN_OBJC_LITERAL_CONVERSION = YES;
				CLANG_WARN_OBJC_ROOT_CLASS = YES_ERROR;
				CLANG_WARN_QUOTED_INCLUDE_IN_FRAMEWORK_HEADER = YES;
				CLANG_WARN_RANGE_LOOP_ANALYSIS = YES;
				CLANG_WARN_STRICT_PROTOTYPES = YES;
				CLANG_WARN_SUSPICIOUS_MOVE = YES;
				CLANG_WARN_UNGUARDED_AVAILABILITY = YES_AGGRESSIVE;
				CLANG_WARN_UNREACHABLE_CODE = YES;
				CLANG_WARN__DUPLICATE_METHOD_MATCH = YES;
				COPY_PHASE_STRIP = NO;
				DEAD_CODE_STRIPPING = YES;
				DEBUG_INFORMATION_FORMAT = dwarf;
				ENABLE_STRICT_OBJC_MSGSEND = YES;
				ENABLE_TESTABILITY = YES;
				ENABLE_USER_SCRIPT_SANDBOXING = YES;
				GCC_C_LANGUAGE_STANDARD = gnu11;
				GCC_DYNAMIC_NO_PIC = NO;
				GCC_NO_COMMON_BLOCKS = YES;
				GCC_OPTIMIZATION_LEVEL = 0;
				GCC_PREPROCESSOR_DEFINITIONS = (
					"DEBUG=1",
					"$(inherited)",
				);
				GCC_WARN_64_TO_32_BIT_CONVERSION = YES;
				GCC_WARN_ABOUT_RETURN_TYPE = YES_ERROR;
				GCC_WARN_UNDECLARED_SELECTOR = YES;
				GCC_WARN_UNINITIALIZED_AUTOS = YES_AGGRESSIVE;
				GCC_WARN_UNUSED_FUNCTION = YES;
				GCC_WARN_UNUSED_VARIABLE = YES;
				MACOSX_DEPLOYMENT_TARGET = 12.0;
				MTL_ENABLE_DEBUG_INFO = INCLUDE_SOURCE;
				MTL_FAST_MATH = YES;
				ONLY_ACTIVE_ARCH = YES;
				SDKROOT = macosx;
				SWIFT_ACTIVE_COMPILATION_CONDITIONS = DEBUG;
				SWIFT_OPTIMIZATION_LEVEL = "-Onone";
			};
			name = Debug;
		};
		B416911427B53B020029AB97 /* Release */ = {
			isa = XCBuildConfiguration;
			buildSettings = {
				ALWAYS_SEARCH_USER_PATHS = NO;
				ASSETCATALOG_COMPILER_GENERATE_SWIFT_ASSET_SYMBOL_EXTENSIONS = YES;
				CLANG_ANALYZER_NONNULL = YES;
				CLANG_ANALYZER_NUMBER_OBJECT_CONVERSION = YES_AGGRESSIVE;
				CLANG_CXX_LANGUAGE_STANDARD = "gnu++17";
				CLANG_CXX_LIBRARY = "libc++";
				CLANG_ENABLE_MODULES = YES;
				CLANG_ENABLE_OBJC_ARC = YES;
				CLANG_ENABLE_OBJC_WEAK = YES;
				CLANG_WARN_BLOCK_CAPTURE_AUTORELEASING = YES;
				CLANG_WARN_BOOL_CONVERSION = YES;
				CLANG_WARN_COMMA = YES;
				CLANG_WARN_CONSTANT_CONVERSION = YES;
				CLANG_WARN_DEPRECATED_OBJC_IMPLEMENTATIONS = YES;
				CLANG_WARN_DIRECT_OBJC_ISA_USAGE = YES_ERROR;
				CLANG_WARN_DOCUMENTATION_COMMENTS = YES;
				CLANG_WARN_EMPTY_BODY = YES;
				CLANG_WARN_ENUM_CONVERSION = YES;
				CLANG_WARN_INFINITE_RECURSION = YES;
				CLANG_WARN_INT_CONVERSION = YES;
				CLANG_WARN_NON_LITERAL_NULL_CONVERSION = YES;
				CLANG_WARN_OBJC_IMPLICIT_RETAIN_SELF = YES;
				CLANG_WARN_OBJC_LITERAL_CONVERSION = YES;
				CLANG_WARN_OBJC_ROOT_CLASS = YES_ERROR;
				CLANG_WARN_QUOTED_INCLUDE_IN_FRAMEWORK_HEADER = YES;
				CLANG_WARN_RANGE_LOOP_ANALYSIS = YES;
				CLANG_WARN_STRICT_PROTOTYPES = YES;
				CLANG_WARN_SUSPICIOUS_MOVE = YES;
				CLANG_WARN_UNGUARDED_AVAILABILITY = YES_AGGRESSIVE;
				CLANG_WARN_UNREACHABLE_CODE = YES;
				CLANG_WARN__DUPLICATE_METHOD_MATCH = YES;
				COPY_PHASE_STRIP = NO;
				DEAD_CODE_STRIPPING = YES;
				DEBUG_INFORMATION_FORMAT = "dwarf-with-dsym";
				ENABLE_NS_ASSERTIONS = NO;
				ENABLE_STRICT_OBJC_MSGSEND = YES;
				ENABLE_USER_SCRIPT_SANDBOXING = YES;
				GCC_C_LANGUAGE_STANDARD = gnu11;
				GCC_NO_COMMON_BLOCKS = YES;
				GCC_WARN_64_TO_32_BIT_CONVERSION = YES;
				GCC_WARN_ABOUT_RETURN_TYPE = YES_ERROR;
				GCC_WARN_UNDECLARED_SELECTOR = YES;
				GCC_WARN_UNINITIALIZED_AUTOS = YES_AGGRESSIVE;
				GCC_WARN_UNUSED_FUNCTION = YES;
				GCC_WARN_UNUSED_VARIABLE = YES;
				MACOSX_DEPLOYMENT_TARGET = 12.0;
				MTL_ENABLE_DEBUG_INFO = NO;
				MTL_FAST_MATH = YES;
				SDKROOT = macosx;
				SWIFT_COMPILATION_MODE = wholemodule;
				SWIFT_OPTIMIZATION_LEVEL = "-O";
			};
			name = Release;
		};
		B416911627B53B020029AB97 /* Debug */ = {
			isa = XCBuildConfiguration;
			buildSettings = {
				ASSETCATALOG_COMPILER_APPICON_NAME = AppIcon;
				ASSETCATALOG_COMPILER_GLOBAL_ACCENT_COLOR_NAME = AccentColor;
				CODE_SIGN_ENTITLEMENTS = Annotation/Annotation.entitlements;
				CODE_SIGN_IDENTITY = "Apple Development";
				"CODE_SIGN_IDENTITY[sdk=macosx*]" = "Apple Development";
				CODE_SIGN_STYLE = Automatic;
				COMBINE_HIDPI_IMAGES = YES;
				CURRENT_PROJECT_VERSION = 38;
				DEAD_CODE_STRIPPING = YES;
				DEVELOPMENT_ASSET_PATHS = "\"Annotation/Preview Content\"";
				DEVELOPMENT_TEAM = UJK52W4D7G;
				ENABLE_HARDENED_RUNTIME = YES;
				ENABLE_PREVIEWS = YES;
				GENERATE_INFOPLIST_FILE = YES;
				INFOPLIST_FILE = Annotation/Info.plist;
				INFOPLIST_KEY_LSApplicationCategoryType = "public.app-category.developer-tools";
				INFOPLIST_KEY_NSHumanReadableCopyright = "© Vaida";
				LD_RUNPATH_SEARCH_PATHS = (
					"$(inherited)",
					"@executable_path/../Frameworks",
				);
				MACOSX_DEPLOYMENT_TARGET = 14.0;
				MARKETING_VERSION = 1.7;
				PRODUCT_BUNDLE_IDENTIFIER = com.Vaida.AnnotationCreater;
				PRODUCT_NAME = "$(TARGET_NAME)";
				SWIFT_EMIT_LOC_STRINGS = YES;
				SWIFT_VERSION = 5.0;
				_EXPERIMENTAL_SWIFT_EXPLICIT_MODULES = YES;
			};
			name = Debug;
		};
		B416911727B53B020029AB97 /* Release */ = {
			isa = XCBuildConfiguration;
			buildSettings = {
				ASSETCATALOG_COMPILER_APPICON_NAME = AppIcon;
				ASSETCATALOG_COMPILER_GLOBAL_ACCENT_COLOR_NAME = AccentColor;
				CODE_SIGN_ENTITLEMENTS = Annotation/Annotation.entitlements;
				CODE_SIGN_IDENTITY = "Apple Development";
				"CODE_SIGN_IDENTITY[sdk=macosx*]" = "Apple Development";
				CODE_SIGN_STYLE = Automatic;
				COMBINE_HIDPI_IMAGES = YES;
				CURRENT_PROJECT_VERSION = 38;
				DEAD_CODE_STRIPPING = YES;
				DEVELOPMENT_ASSET_PATHS = "\"Annotation/Preview Content\"";
				DEVELOPMENT_TEAM = UJK52W4D7G;
				ENABLE_HARDENED_RUNTIME = YES;
				ENABLE_PREVIEWS = YES;
				GENERATE_INFOPLIST_FILE = YES;
				INFOPLIST_FILE = Annotation/Info.plist;
				INFOPLIST_KEY_LSApplicationCategoryType = "public.app-category.developer-tools";
				INFOPLIST_KEY_NSHumanReadableCopyright = "© Vaida";
				LD_RUNPATH_SEARCH_PATHS = (
					"$(inherited)",
					"@executable_path/../Frameworks",
				);
				MACOSX_DEPLOYMENT_TARGET = 14.0;
				MARKETING_VERSION = 1.7;
				PRODUCT_BUNDLE_IDENTIFIER = com.Vaida.AnnotationCreater;
				PRODUCT_NAME = "$(TARGET_NAME)";
				SWIFT_EMIT_LOC_STRINGS = YES;
				SWIFT_VERSION = 5.0;
				_EXPERIMENTAL_SWIFT_EXPLICIT_MODULES = YES;
			};
			name = Release;
		};
/* End XCBuildConfiguration section */

/* Begin XCConfigurationList section */
		B41690FE27B53B020029AB97 /* Build configuration list for PBXProject "Annotation" */ = {
			isa = XCConfigurationList;
			buildConfigurations = (
				B416911327B53B020029AB97 /* Debug */,
				B416911427B53B020029AB97 /* Release */,
			);
			defaultConfigurationIsVisible = 0;
			defaultConfigurationName = Release;
		};
		B416911527B53B020029AB97 /* Build configuration list for PBXNativeTarget "Annotation" */ = {
			isa = XCConfigurationList;
			buildConfigurations = (
				B416911627B53B020029AB97 /* Debug */,
				B416911727B53B020029AB97 /* Release */,
			);
			defaultConfigurationIsVisible = 0;
			defaultConfigurationName = Release;
		};
/* End XCConfigurationList section */

/* Begin XCLocalSwiftPackageReference section */
		B44136C32C2187AA00E9331D /* XCLocalSwiftPackageReference "../../Packages/Stratum" */ = {
			isa = XCLocalSwiftPackageReference;
			relativePath = ../../Packages/Stratum;
		};
		B44136C62C21884200E9331D /* XCLocalSwiftPackageReference "../../Packages/ViewCollection" */ = {
			isa = XCLocalSwiftPackageReference;
			relativePath = ../../Packages/ViewCollection;
		};
		B4E36BFF2C218B9A00FA581E /* XCLocalSwiftPackageReference "../../Packages/MediaKit" */ = {
			isa = XCLocalSwiftPackageReference;
			relativePath = ../../Packages/MediaKit;
		};
/* End XCLocalSwiftPackageReference section */

/* Begin XCSwiftPackageProductDependency section */
		B44136C42C2187AA00E9331D /* Stratum */ = {
			isa = XCSwiftPackageProductDependency;
			productName = Stratum;
		};
		B44136C72C21884200E9331D /* ViewCollection */ = {
			isa = XCSwiftPackageProductDependency;
			productName = ViewCollection;
		};
		B4E36C002C218B9A00FA581E /* MediaKit */ = {
			isa = XCSwiftPackageProductDependency;
			productName = MediaKit;
		};
/* End XCSwiftPackageProductDependency section */
	};
	rootObject = B41690FB27B53B020029AB97 /* Project object */;
}
